
Microsoft Visual Studio Solution File, Format Version 12.00
# Visual Studio Version 16
VisualStudioVersion = 16.0.31605.320
MinimumVisualStudioVersion = 10.0.40219.1
Project("{9A19103F-16F7-4668-BE54-9A1E7A4F7556}") = "Cheaplay", "Cheaplay\Cheaplay.csproj", "{8A6F2896-42EA-4459-A1F4-A9F2584276FD}"
EndProject
Project("{9A19103F-16F7-4668-BE54-9A1E7A4F7556}") = "CheaplayMVC", "CheaplayMVC\CheaplayMVC.csproj", "{80182A1C-C45A-4DA8-9CE5-F2293CA73F71}"
EndProject
Project("{FAE04EC0-301F-11D3-BF4B-00C04F79EFBC}") = "SharkApiHelper", "SharkApiHelper\SharkApiHelper.csproj", "{70D3E195-FD74-42D1-A06D-8CCC56E2706E}"
EndProject
Global
	GlobalSection(SolutionConfigurationPlatforms) = preSolution
		Debug|Any CPU = Debug|Any CPU
		Release|Any CPU = Release|Any CPU
	EndGlobalSection
	GlobalSection(ProjectConfigurationPlatforms) = postSolution
		{8A6F2896-42EA-4459-A1F4-A9F2584276FD}.Debug|Any CPU.ActiveCfg = Debug|Any CPU
		{8A6F2896-42EA-4459-A1F4-A9F2584276FD}.Debug|Any CPU.Build.0 = Debug|Any CPU
		{8A6F2896-42EA-4459-A1F4-A9F2584276FD}.Release|Any CPU.ActiveCfg = Release|Any CPU
		{8A6F2896-42EA-4459-A1F4-A9F2584276FD}.Release|Any CPU.Build.0 = Release|Any CPU
		{80182A1C-C45A-4DA8-9CE5-F2293CA73F71}.Debug|Any CPU.ActiveCfg = Debug|Any CPU
		{80182A1C-C45A-4DA8-9CE5-F2293CA73F71}.Debug|Any CPU.Build.0 = Debug|Any CPU
		{80182A1C-C45A-4DA8-9CE5-F2293CA73F71}.Release|Any CPU.ActiveCfg = Release|Any CPU
		{80182A1C-C45A-4DA8-9CE5-F2293CA73F71}.Release|Any CPU.Build.0 = Release|Any CPU
		{70D3E195-FD74-42D1-A06D-8CCC56E2706E}.Debug|Any CPU.ActiveCfg = Debug|Any CPU
		{70D3E195-FD74-42D1-A06D-8CCC56E2706E}.Debug|Any CPU.Build.0 = Debug|Any CPU
		{70D3E195-FD74-42D1-A06D-8CCC56E2706E}.Release|Any CPU.ActiveCfg = Release|Any CPU
		{70D3E195-FD74-42D1-A06D-8CCC56E2706E}.Release|Any CPU.Build.0 = Release|Any CPU
	EndGlobalSection
	GlobalSection(SolutionProperties) = preSolution
		HideSolutionNode = FALSE
	EndGlobalSection
	GlobalSection(ExtensibilityGlobals) = postSolution
		SolutionGuid = {AA191B98-8A3A-4D4C-9BE3-5B059E5AFD96}
	EndGlobalSection
EndGlobal
